
Microsoft Visual Studio Solution File, Format Version 12.00
# Visual Studio Version 16
VisualStudioVersion = 16.0.30114.105
MinimumVisualStudioVersion = 10.0.40219.1
Project("{FAE04EC0-301F-11D3-BF4B-00C04F79EFBC}") = "Week_3_Lab", "Week_3_Lab.csproj", "{34C3A10B-DA9D-40D8-9D02-94A1098BA786}"
EndProject
Global
	GlobalSection(SolutionConfigurationPlatforms) = preSolution
		Debug|Any CPU = Debug|Any CPU
		Release|Any CPU = Release|Any CPU
	EndGlobalSection
	GlobalSection(ProjectConfigurationPlatforms) = postSolution
		{34C3A10B-DA9D-40D8-9D02-94A1098BA786}.Debug|Any CPU.ActiveCfg = Debug|Any CPU
		{34C3A10B-DA9D-40D8-9D02-94A1098BA786}.Debug|Any CPU.Build.0 = Debug|Any CPU
		{34C3A10B-DA9D-40D8-9D02-94A1098BA786}.Release|Any CPU.ActiveCfg = Release|Any CPU
		{34C3A10B-DA9D-40D8-9D02-94A1098BA786}.Release|Any CPU.Build.0 = Release|Any CPU
	EndGlobalSection
	GlobalSection(SolutionProperties) = preSolution
		HideSolutionNode = FALSE
	EndGlobalSection
	GlobalSection(ExtensibilityGlobals) = postSolution
		SolutionGuid = {5F816A7E-3063-4B34-9042-3736D29212D8}
	EndGlobalSection
EndGlobal
